// !$*UTF8*$!
{
	archiveVersion = 1;
	classes = {
	};
	objectVersion = 48;
	objects = {

/* Begin PBXBuildFile section */
		F9A00FD02027A1E7005BB1D4 /* AppDelegate.swift in Sources */ = {isa = PBXBuildFile; fileRef = F9A00FCF2027A1E7005BB1D4 /* AppDelegate.swift */; };
		F9A00FD22027A1E7005BB1D4 /* ChooseDesinationViewController.swift in Sources */ = {isa = PBXBuildFile; fileRef = F9A00FD12027A1E7005BB1D4 /* ChooseDesinationViewController.swift */; };
		F9A00FD52027A1E7005BB1D4 /* Main.storyboard in Resources */ = {isa = PBXBuildFile; fileRef = F9A00FD32027A1E7005BB1D4 /* Main.storyboard */; };
		F9A00FD72027A1E7005BB1D4 /* Assets.xcassets in Resources */ = {isa = PBXBuildFile; fileRef = F9A00FD62027A1E7005BB1D4 /* Assets.xcassets */; };
		F9A00FDA2027A1E7005BB1D4 /* LaunchScreen.storyboard in Resources */ = {isa = PBXBuildFile; fileRef = F9A00FD82027A1E7005BB1D4 /* LaunchScreen.storyboard */; };
		F9A00FE22027A4A9005BB1D4 /* NotificationHelper.swift in Sources */ = {isa = PBXBuildFile; fileRef = F9A00FE12027A4A9005BB1D4 /* NotificationHelper.swift */; };
		F9A00FE42027A550005BB1D4 /* DestinationViewController.swift in Sources */ = {isa = PBXBuildFile; fileRef = F9A00FE32027A550005BB1D4 /* DestinationViewController.swift */; };
/* End PBXBuildFile section */

/* Begin PBXFileReference section */
		F9A00FCC2027A1E7005BB1D4 /* notifinationCenterApp.app */ = {isa = PBXFileReference; explicitFileType = wrapper.application; includeInIndex = 0; path = notifinationCenterApp.app; sourceTree = BUILT_PRODUCTS_DIR; };
		F9A00FCF2027A1E7005BB1D4 /* AppDelegate.swift */ = {isa = PBXFileReference; lastKnownFileType = sourcecode.swift; path = AppDelegate.swift; sourceTree = "<group>"; };
		F9A00FD12027A1E7005BB1D4 /* ChooseDesinationViewController.swift */ = {isa = PBXFileReference; lastKnownFileType = sourcecode.swift; path = ChooseDesinationViewController.swift; sourceTree = "<group>"; };
		F9A00FD42027A1E7005BB1D4 /* Base */ = {isa = PBXFileReference; lastKnownFileType = file.storyboard; name = Base; path = Base.lproj/Main.storyboard; sourceTree = "<group>"; };
		F9A00FD62027A1E7005BB1D4 /* Assets.xcassets */ = {isa = PBXFileReference; lastKnownFileType = folder.assetcatalog; path = Assets.xcassets; sourceTree = "<group>"; };
		F9A00FD92027A1E7005BB1D4 /* Base */ = {isa = PBXFileReference; lastKnownFileType = file.storyboard; name = Base; path = Base.lproj/LaunchScreen.storyboard; sourceTree = "<group>"; };
		F9A00FDB2027A1E7005BB1D4 /* Info.plist */ = {isa = PBXFileReference; lastKnownFileType = text.plist.xml; path = Info.plist; sourceTree = "<group>"; };
		F9A00FE12027A4A9005BB1D4 /* NotificationHelper.swift */ = {isa = PBXFileReference; lastKnownFileType = sourcecode.swift; path = NotificationHelper.swift; sourceTree = "<group>"; };
		F9A00FE32027A550005BB1D4 /* DestinationViewController.swift */ = {isa = PBXFileReference; lastKnownFileType = sourcecode.swift; path = DestinationViewController.swift; sourceTree = "<group>"; };
/* End PBXFileReference section */

/* Begin PBXFrameworksBuildPhase section */
		F9A00FC92027A1E7005BB1D4 /* Frameworks */ = {
			isa = PBXFrameworksBuildPhase;
			buildActionMask = 2147483647;
			files = (
			);
			runOnlyForDeploymentPostprocessing = 0;
		};
/* End PBXFrameworksBuildPhase section */

/* Begin PBXGroup section */
		F9A00FC32027A1E7005BB1D4 = {
			isa = PBXGroup;
			children = (
				F9A00FCE2027A1E7005BB1D4 /* notifinationCenterApp */,
				F9A00FCD2027A1E7005BB1D4 /* Products */,
			);
			sourceTree = "<group>";
		};
		F9A00FCD2027A1E7005BB1D4 /* Products */ = {
			isa = PBXGroup;
			children = (
				F9A00FCC2027A1E7005BB1D4 /* notifinationCenterApp.app */,
			);
			name = Products;
			sourceTree = "<group>";
		};
		F9A00FCE2027A1E7005BB1D4 /* notifinationCenterApp */ = {
			isa = PBXGroup;
			children = (
				F9A00FCF2027A1E7005BB1D4 /* AppDelegate.swift */,
				F9A00FD12027A1E7005BB1D4 /* ChooseDesinationViewController.swift */,
				F9A00FE32027A550005BB1D4 /* DestinationViewController.swift */,
				F9A00FE12027A4A9005BB1D4 /* NotificationHelper.swift */,
				F9A00FD32027A1E7005BB1D4 /* Main.storyboard */,
				F9A00FD62027A1E7005BB1D4 /* Assets.xcassets */,
				F9A00FD82027A1E7005BB1D4 /* LaunchScreen.storyboard */,
				F9A00FDB2027A1E7005BB1D4 /* Info.plist */,
			);
			path = notifinationCenterApp;
			sourceTree = "<group>";
		};
/* End PBXGroup section */

/* Begin PBXNativeTarget section */
		F9A00FCB2027A1E7005BB1D4 /* notifinationCenterApp */ = {
			isa = PBXNativeTarget;
			buildConfigurationList = F9A00FDE2027A1E7005BB1D4 /* Build configuration list for PBXNativeTarget "notifinationCenterApp" */;
			buildPhases = (
				F9A00FC82027A1E7005BB1D4 /* Sources */,
				F9A00FC92027A1E7005BB1D4 /* Frameworks */,
				F9A00FCA2027A1E7005BB1D4 /* Resources */,
			);
			buildRules = (
			);
			dependencies = (
			);
			name = notifinationCenterApp;
			productName = notifinationCenterApp;
			productReference = F9A00FCC2027A1E7005BB1D4 /* notifinationCenterApp.app */;
			productType = "com.apple.product-type.application";
		};
/* End PBXNativeTarget section */

/* Begin PBXProject section */
		F9A00FC42027A1E7005BB1D4 /* Project object */ = {
			isa = PBXProject;
			attributes = {
				LastSwiftUpdateCheck = 0920;
				LastUpgradeCheck = 0920;
				ORGANIZATIONNAME = "Sky Xu";
				TargetAttributes = {
					F9A00FCB2027A1E7005BB1D4 = {
						CreatedOnToolsVersion = 9.2;
						ProvisioningStyle = Automatic;
					};
				};
			};
			buildConfigurationList = F9A00FC72027A1E7005BB1D4 /* Build configuration list for PBXProject "notifinationCenterApp" */;
			compatibilityVersion = "Xcode 8.0";
			developmentRegion = en;
			hasScannedForEncodings = 0;
			knownRegions = (
				en,
				Base,
			);
			mainGroup = F9A00FC32027A1E7005BB1D4;
			productRefGroup = F9A00FCD2027A1E7005BB1D4 /* Products */;
			projectDirPath = "";
			projectRoot = "";
			targets = (
				F9A00FCB2027A1E7005BB1D4 /* notifinationCenterApp */,
			);
		};
/* End PBXProject section */

/* Begin PBXResourcesBuildPhase section */
		F9A00FCA2027A1E7005BB1D4 /* Resources */ = {
			isa = PBXResourcesBuildPhase;
			buildActionMask = 2147483647;
			files = (
				F9A00FDA2027A1E7005BB1D4 /* LaunchScreen.storyboard in Resources */,
				F9A00FD72027A1E7005BB1D4 /* Assets.xcassets in Resources */,
				F9A00FD52027A1E7005BB1D4 /* Main.storyboard in Resources */,
			);
			runOnlyForDeploymentPostprocessing = 0;
		};
/* End PBXResourcesBuildPhase section */

/* Begin PBXSourcesBuildPhase section */
		F9A00FC82027A1E7005BB1D4 /* Sources */ = {
			isa = PBXSourcesBuildPhase;
			buildActionMask = 2147483647;
			files = (
				F9A00FE22027A4A9005BB1D4 /* NotificationHelper.swift in Sources */,
				F9A00FD22027A1E7005BB1D4 /* ChooseDesinationViewController.swift in Sources */,
				F9A00FD02027A1E7005BB1D4 /* AppDelegate.swift in Sources */,
				F9A00FE42027A550005BB1D4 /* DestinationViewController.swift in Sources */,
			);
			runOnlyForDeploymentPostprocessing = 0;
		};
/* End PBXSourcesBuildPhase section */

/* Begin PBXVariantGroup section */
		F9A00FD32027A1E7005BB1D4 /* Main.storyboard */ = {
			isa = PBXVariantGroup;
			children = (
				F9A00FD42027A1E7005BB1D4 /* Base */,
			);
			name = Main.storyboard;
			sourceTree = "<group>";
		};
		F9A00FD82027A1E7005BB1D4 /* LaunchScreen.storyboard */ = {
			isa = PBXVariantGroup;
			children = (
				F9A00FD92027A1E7005BB1D4 /* Base */,
			);
			name = LaunchScreen.storyboard;
			sourceTree = "<group>";
		};
/* End PBXVariantGroup section */

/* Begin XCBuildConfiguration section */
		F9A00FDC2027A1E7005BB1D4 /* Debug */ = {
			isa = XCBuildConfiguration;
			buildSettings = {
				ALWAYS_SEARCH_USER_PATHS = NO;
				CLANG_ANALYZER_NONNULL = YES;
				CLANG_ANALYZER_NUMBER_OBJECT_CONVERSION = YES_AGGRESSIVE;
				CLANG_CXX_LANGUAGE_STANDARD = "gnu++14";
				CLANG_CXX_LIBRARY = "libc++";
				CLANG_ENABLE_MODULES = YES;
				CLANG_ENABLE_OBJC_ARC = YES;
				CLANG_WARN_BLOCK_CAPTURE_AUTORELEASING = YES;
				CLANG_WARN_BOOL_CONVERSION = YES;
				CLANG_WARN_COMMA = YES;
				CLANG_WARN_CONSTANT_CONVERSION = YES;
				CLANG_WARN_DIRECT_OBJC_ISA_USAGE = YES_ERROR;
				CLANG_WARN_DOCUMENTATION_COMMENTS = YES;
				CLANG_WARN_EMPTY_BODY = YES;
				CLANG_WARN_ENUM_CONVERSION = YES;
				CLANG_WARN_INFINITE_RECURSION = YES;
				CLANG_WARN_INT_CONVERSION = YES;
				CLANG_WARN_NON_LITERAL_NULL_CONVERSION = YES;
				CLANG_WARN_OBJC_LITERAL_CONVERSION = YES;
				CLANG_WARN_OBJC_ROOT_CLASS = YES_ERROR;
				CLANG_WARN_RANGE_LOOP_ANALYSIS = YES;
				CLANG_WARN_STRICT_PROTOTYPES = YES;
				CLANG_WARN_SUSPICIOUS_MOVE = YES;
				CLANG_WARN_UNGUARDED_AVAILABILITY = YES_AGGRESSIVE;
				CLANG_WARN_UNREACHABLE_CODE = YES;
				CLANG_WARN__DUPLICATE_METHOD_MATCH = YES;
				CODE_SIGN_IDENTITY = "iPhone Developer";
				COPY_PHASE_STRIP = NO;
				DEBUG_INFORMATION_FORMAT = dwarf;
				ENABLE_STRICT_OBJC_MSGSEND = YES;
				ENABLE_TESTABILITY = YES;
				GCC_C_LANGUAGE_STANDARD = gnu11;
				GCC_DYNAMIC_NO_PIC = NO;
				GCC_NO_COMMON_BLOCKS = YES;
				GCC_OPTIMIZATION_LEVEL = 0;
				GCC_PREPROCESSOR_DEFINITIONS = (
					"DEBUG=1",
					"$(inherited)",
				);
				GCC_WARN_64_TO_32_BIT_CONVERSION = YES;
				GCC_WARN_ABOUT_RETURN_TYPE = YES_ERROR;
				GCC_WARN_UNDECLARED_SELECTOR = YES;
				GCC_WARN_UNINITIALIZED_AUTOS = YES_AGGRESSIVE;
				GCC_WARN_UNUSED_FUNCTION = YES;
				GCC_WARN_UNUSED_VARIABLE = YES;
				IPHONEOS_DEPLOYMENT_TARGET = 11.2;
				MTL_ENABLE_DEBUG_INFO = YES;
				ONLY_ACTIVE_ARCH = YES;
				SDKROOT = iphoneos;
				SWIFT_ACTIVE_COMPILATION_CONDITIONS = DEBUG;
				SWIFT_OPTIMIZATION_LEVEL = "-Onone";
			};
			name = Debug;
		};
		F9A00FDD2027A1E7005BB1D4 /* Release */ = {
			isa = XCBuildConfiguration;
			buildSettings = {
				ALWAYS_SEARCH_USER_PATHS = NO;
				CLANG_ANALYZER_NONNULL = YES;
				CLANG_ANALYZER_NUMBER_OBJECT_CONVERSION = YES_AGGRESSIVE;
				CLANG_CXX_LANGUAGE_STANDARD = "gnu++14";
				CLANG_CXX_LIBRARY = "libc++";
				CLANG_ENABLE_MODULES = YES;
				CLANG_ENABLE_OBJC_ARC = YES;
				CLANG_WARN_BLOCK_CAPTURE_AUTORELEASING = YES;
				CLANG_WARN_BOOL_CONVERSION = YES;
				CLANG_WARN_COMMA = YES;
				CLANG_WARN_CONSTANT_CONVERSION = YES;
				CLANG_WARN_DIRECT_OBJC_ISA_USAGE = YES_ERROR;
				CLANG_WARN_DOCUMENTATION_COMMENTS = YES;
				CLANG_WARN_EMPTY_BODY = YES;
				CLANG_WARN_ENUM_CONVERSION = YES;
				CLANG_WARN_INFINITE_RECURSION = YES;
				CLANG_WARN_INT_CONVERSION = YES;
				CLANG_WARN_NON_LITERAL_NULL_CONVERSION = YES;
				CLANG_WARN_OBJC_LITERAL_CONVERSION = YES;
				CLANG_WARN_OBJC_ROOT_CLASS = YES_ERROR;
				CLANG_WARN_RANGE_LOOP_ANALYSIS = YES;
				CLANG_WARN_STRICT_PROTOTYPES = YES;
				CLANG_WARN_SUSPICIOUS_MOVE = YES;
				CLANG_WARN_UNGUARDED_AVAILABILITY = YES_AGGRESSIVE;
				CLANG_WARN_UNREACHABLE_CODE = YES;
				CLANG_WARN__DUPLICATE_METHOD_MATCH = YES;
				CODE_SIGN_IDENTITY = "iPhone Developer";
				COPY_PHASE_STRIP = NO;
				DEBUG_INFORMATION_FORMAT = "dwarf-with-dsym";
				ENABLE_NS_ASSERTIONS = NO;
				ENABLE_STRICT_OBJC_MSGSEND = YES;
				GCC_C_LANGUAGE_STANDARD = gnu11;
				GCC_NO_COMMON_BLOCKS = YES;
				GCC_WARN_64_TO_32_BIT_CONVERSION = YES;
				GCC_WARN_ABOUT_RETURN_TYPE = YES_ERROR;
				GCC_WARN_UNDECLARED_SELECTOR = YES;
				GCC_WARN_UNINITIALIZED_AUTOS = YES_AGGRESSIVE;
				GCC_WARN_UNUSED_FUNCTION = YES;
				GCC_WARN_UNUSED_VARIABLE = YES;
				IPHONEOS_DEPLOYMENT_TARGET = 11.2;
				MTL_ENABLE_DEBUG_INFO = NO;
				SDKROOT = iphoneos;
				SWIFT_OPTIMIZATION_LEVEL = "-Owholemodule";
				VALIDATE_PRODUCT = YES;
			};
			name = Release;
		};
		F9A00FDF2027A1E7005BB1D4 /* Debug */ = {
			isa = XCBuildConfiguration;
			buildSettings = {
				ASSETCATALOG_COMPILER_APPICON_NAME = AppIcon;
				CODE_SIGN_STYLE = Automatic;
				DEVELOPMENT_TEAM = A3KV3V94JT;
				INFOPLIST_FILE = notifinationCenterApp/Info.plist;
				LD_RUNPATH_SEARCH_PATHS = "$(inherited) @executable_path/Frameworks";
				PRODUCT_BUNDLE_IDENTIFIER = com.sky.notifinationCenterApp;
				PRODUCT_NAME = "$(TARGET_NAME)";
				SWIFT_VERSION = 4.0;
				TARGETED_DEVICE_FAMILY = "1,2";
			};
			name = Debug;
		};
		F9A00FE02027A1E7005BB1D4 /* Release */ = {
			isa = XCBuildConfiguration;
			buildSettings = {
				ASSETCATALOG_COMPILER_APPICON_NAME = AppIcon;
				CODE_SIGN_STYLE = Automatic;
				DEVELOPMENT_TEAM = A3KV3V94JT;
				INFOPLIST_FILE = notifinationCenterApp/Info.plist;
				LD_RUNPATH_SEARCH_PATHS = "$(inherited) @executable_path/Frameworks";
				PRODUCT_BUNDLE_IDENTIFIER = com.sky.notifinationCenterApp;
				PRODUCT_NAME = "$(TARGET_NAME)";
				SWIFT_VERSION = 4.0;
				TARGETED_DEVICE_FAMILY = "1,2";
			};
			name = Release;
		};
/* End XCBuildConfiguration section */

/* Begin XCConfigurationList section */
		F9A00FC72027A1E7005BB1D4 /* Build configuration list for PBXProject "notifinationCenterApp" */ = {
			isa = XCConfigurationList;
			buildConfigurations = (
				F9A00FDC2027A1E7005BB1D4 /* Debug */,
				F9A00FDD2027A1E7005BB1D4 /* Release */,
			);
			defaultConfigurationIsVisible = 0;
			defaultConfigurationName = Release;
		};
		F9A00FDE2027A1E7005BB1D4 /* Build configuration list for PBXNativeTarget "notifinationCenterApp" */ = {
			isa = XCConfigurationList;
			buildConfigurations = (
				F9A00FDF2027A1E7005BB1D4 /* Debug */,
				F9A00FE02027A1E7005BB1D4 /* Release */,
			);
			defaultConfigurationIsVisible = 0;
			defaultConfigurationName = Release;
		};
/* End XCConfigurationList section */
	};
	rootObject = F9A00FC42027A1E7005BB1D4 /* Project object */;
}
